
Microsoft Visual Studio Solution File, Format Version 12.00
# Visual Studio Version 17
VisualStudioVersion = 17.14.36401.2 d17.14
MinimumVisualStudioVersion = 10.0.40219.1
Project("{2150E333-8FDC-42A3-9474-1A3956D46DE8}") = "src", "src", "{02EA681E-C7D8-13C7-8484-4AC65E1B71E8}"
EndProject
Project("{2150E333-8FDC-42A3-9474-1A3956D46DE8}") = "ShahriyarBookStore.Domain", "ShahriyarBookStore.Domain", "{C727DAC3-AF72-4688-8DA6-573361920960}"
EndProject
Project("{2150E333-8FDC-42A3-9474-1A3956D46DE8}") = "ShahriyarBookStore.Application", "ShahriyarBookStore.Application", "{EAF71074-16C9-44A5-8C56-DD4DCD033CEF}"
EndProject
Project("{2150E333-8FDC-42A3-9474-1A3956D46DE8}") = "ShahriyarBookStore.Infrastructure", "ShahriyarBookStore.Infrastructure", "{396F2D33-3928-44A2-9854-A46187F01090}"
EndProject
Project("{2150E333-8FDC-42A3-9474-1A3956D46DE8}") = "EndPoint", "EndPoint", "{AD46CA95-E6F5-46A5-B24F-F29CCAD91983}"
EndProject
Project("{2150E333-8FDC-42A3-9474-1A3956D46DE8}") = "ShahriyarBookStore.Query", "ShahriyarBookStore.Query", "{21F0D91B-BC63-40D0-87AC-037FC8000210}"
EndProject
Project("{2150E333-8FDC-42A3-9474-1A3956D46DE8}") = "Api", "Api", "{FEB81C89-2D76-41DC-BB82-CE2D2179FEB8}"
EndProject
Project("{FAE04EC0-301F-11D3-BF4B-00C04F79EFBC}") = "Facade.Presentation", "Facade.Presentation\Facade.Presentation.csproj", "{56D5798A-4662-485D-9625-28F5D4FB5702}"
EndProject
Project("{FAE04EC0-301F-11D3-BF4B-00C04F79EFBC}") = "Application", "Application\Application.csproj", "{F8C1F766-BEE4-4CA9-91F1-6D1DA75A7DD0}"
EndProject
Project("{FAE04EC0-301F-11D3-BF4B-00C04F79EFBC}") = "Domain", "Domain\Domain.csproj", "{E838A4E0-948D-4AC9-AD9A-95896A3D57F6}"
EndProject
Project("{FAE04EC0-301F-11D3-BF4B-00C04F79EFBC}") = "Infrastructure", "Infrastructure\Infrastructure.csproj", "{4B5AB8F1-29B6-4988-8046-688DF7E07AEC}"
EndProject
Project("{FAE04EC0-301F-11D3-BF4B-00C04F79EFBC}") = "Query", "Query\Query.csproj", "{AC66BA8F-775F-4893-96E9-417B63092FA1}"
EndProject
Global
	GlobalSection(SolutionConfigurationPlatforms) = preSolution
		Debug|Any CPU = Debug|Any CPU
		Release|Any CPU = Release|Any CPU
	EndGlobalSection
	GlobalSection(ProjectConfigurationPlatforms) = postSolution
		{56D5798A-4662-485D-9625-28F5D4FB5702}.Debug|Any CPU.ActiveCfg = Debug|Any CPU
		{56D5798A-4662-485D-9625-28F5D4FB5702}.Debug|Any CPU.Build.0 = Debug|Any CPU
		{56D5798A-4662-485D-9625-28F5D4FB5702}.Release|Any CPU.ActiveCfg = Release|Any CPU
		{56D5798A-4662-485D-9625-28F5D4FB5702}.Release|Any CPU.Build.0 = Release|Any CPU
		{F8C1F766-BEE4-4CA9-91F1-6D1DA75A7DD0}.Debug|Any CPU.ActiveCfg = Debug|Any CPU
		{F8C1F766-BEE4-4CA9-91F1-6D1DA75A7DD0}.Debug|Any CPU.Build.0 = Debug|Any CPU
		{F8C1F766-BEE4-4CA9-91F1-6D1DA75A7DD0}.Release|Any CPU.ActiveCfg = Release|Any CPU
		{F8C1F766-BEE4-4CA9-91F1-6D1DA75A7DD0}.Release|Any CPU.Build.0 = Release|Any CPU
		{E838A4E0-948D-4AC9-AD9A-95896A3D57F6}.Debug|Any CPU.ActiveCfg = Debug|Any CPU
		{E838A4E0-948D-4AC9-AD9A-95896A3D57F6}.Debug|Any CPU.Build.0 = Debug|Any CPU
		{E838A4E0-948D-4AC9-AD9A-95896A3D57F6}.Release|Any CPU.ActiveCfg = Release|Any CPU
		{E838A4E0-948D-4AC9-AD9A-95896A3D57F6}.Release|Any CPU.Build.0 = Release|Any CPU
		{4B5AB8F1-29B6-4988-8046-688DF7E07AEC}.Debug|Any CPU.ActiveCfg = Debug|Any CPU
		{4B5AB8F1-29B6-4988-8046-688DF7E07AEC}.Debug|Any CPU.Build.0 = Debug|Any CPU
		{4B5AB8F1-29B6-4988-8046-688DF7E07AEC}.Release|Any CPU.ActiveCfg = Release|Any CPU
		{4B5AB8F1-29B6-4988-8046-688DF7E07AEC}.Release|Any CPU.Build.0 = Release|Any CPU
		{AC66BA8F-775F-4893-96E9-417B63092FA1}.Debug|Any CPU.ActiveCfg = Debug|Any CPU
		{AC66BA8F-775F-4893-96E9-417B63092FA1}.Debug|Any CPU.Build.0 = Debug|Any CPU
		{AC66BA8F-775F-4893-96E9-417B63092FA1}.Release|Any CPU.ActiveCfg = Release|Any CPU
		{AC66BA8F-775F-4893-96E9-417B63092FA1}.Release|Any CPU.Build.0 = Release|Any CPU
	EndGlobalSection
	GlobalSection(SolutionProperties) = preSolution
		HideSolutionNode = FALSE
	EndGlobalSection
	GlobalSection(NestedProjects) = preSolution
		{C727DAC3-AF72-4688-8DA6-573361920960} = {02EA681E-C7D8-13C7-8484-4AC65E1B71E8}
		{EAF71074-16C9-44A5-8C56-DD4DCD033CEF} = {02EA681E-C7D8-13C7-8484-4AC65E1B71E8}
		{396F2D33-3928-44A2-9854-A46187F01090} = {02EA681E-C7D8-13C7-8484-4AC65E1B71E8}
		{AD46CA95-E6F5-46A5-B24F-F29CCAD91983} = {02EA681E-C7D8-13C7-8484-4AC65E1B71E8}
		{21F0D91B-BC63-40D0-87AC-037FC8000210} = {02EA681E-C7D8-13C7-8484-4AC65E1B71E8}
		{FEB81C89-2D76-41DC-BB82-CE2D2179FEB8} = {AD46CA95-E6F5-46A5-B24F-F29CCAD91983}
		{56D5798A-4662-485D-9625-28F5D4FB5702} = {FEB81C89-2D76-41DC-BB82-CE2D2179FEB8}
		{F8C1F766-BEE4-4CA9-91F1-6D1DA75A7DD0} = {EAF71074-16C9-44A5-8C56-DD4DCD033CEF}
		{E838A4E0-948D-4AC9-AD9A-95896A3D57F6} = {C727DAC3-AF72-4688-8DA6-573361920960}
		{4B5AB8F1-29B6-4988-8046-688DF7E07AEC} = {396F2D33-3928-44A2-9854-A46187F01090}
		{AC66BA8F-775F-4893-96E9-417B63092FA1} = {21F0D91B-BC63-40D0-87AC-037FC8000210}
	EndGlobalSection
	GlobalSection(ExtensibilityGlobals) = postSolution
		SolutionGuid = {06F6B8C7-B2F5-4D2D-A7DE-81F1C4820F58}
	EndGlobalSection
EndGlobal
